// !$*UTF8*$!
{
	archiveVersion = 1;
	classes = {
	};
	objectVersion = 55;
	objects = {

/* Begin PBXBuildFile section */
		C63955082875C21F0046621C /* WeatherModel.swift in Sources */ = {isa = PBXBuildFile; fileRef = C63955072875C21F0046621C /* WeatherModel.swift */; };
		C63955092875C21F0046621C /* WeatherModel.swift in Sources */ = {isa = PBXBuildFile; fileRef = C63955072875C21F0046621C /* WeatherModel.swift */; };
		C639550C2875C8980046621C /* Endpoint.swift in Sources */ = {isa = PBXBuildFile; fileRef = C639550B2875C8980046621C /* Endpoint.swift */; };
		C639550D2875C8980046621C /* Endpoint.swift in Sources */ = {isa = PBXBuildFile; fileRef = C639550B2875C8980046621C /* Endpoint.swift */; };
		C639550F2875CF020046621C /* HTTPClient.swift in Sources */ = {isa = PBXBuildFile; fileRef = C639550E2875CF020046621C /* HTTPClient.swift */; };
		C63955102875CF020046621C /* HTTPClient.swift in Sources */ = {isa = PBXBuildFile; fileRef = C639550E2875CF020046621C /* HTTPClient.swift */; };
		C63955122875CF150046621C /* HTTPContentType.swift in Sources */ = {isa = PBXBuildFile; fileRef = C63955112875CF150046621C /* HTTPContentType.swift */; };
		C63955132875CF150046621C /* HTTPContentType.swift in Sources */ = {isa = PBXBuildFile; fileRef = C63955112875CF150046621C /* HTTPContentType.swift */; };
		C63955152875CF250046621C /* HTTPMethod.swift in Sources */ = {isa = PBXBuildFile; fileRef = C63955142875CF250046621C /* HTTPMethod.swift */; };
		C63955162875CF250046621C /* HTTPMethod.swift in Sources */ = {isa = PBXBuildFile; fileRef = C63955142875CF250046621C /* HTTPMethod.swift */; };
		C63955182875CF340046621C /* RequestError.swift in Sources */ = {isa = PBXBuildFile; fileRef = C63955172875CF340046621C /* RequestError.swift */; };
		C63955192875CF340046621C /* RequestError.swift in Sources */ = {isa = PBXBuildFile; fileRef = C63955172875CF340046621C /* RequestError.swift */; };
		C639551C2875D0910046621C /* WeatherEndpoint.swift in Sources */ = {isa = PBXBuildFile; fileRef = C639551B2875D0910046621C /* WeatherEndpoint.swift */; };
		C639551D2875D0910046621C /* WeatherEndpoint.swift in Sources */ = {isa = PBXBuildFile; fileRef = C639551B2875D0910046621C /* WeatherEndpoint.swift */; };
		C63955222875D65A0046621C /* AppService.swift in Sources */ = {isa = PBXBuildFile; fileRef = C63955212875D65A0046621C /* AppService.swift */; };
		C63955232875D65A0046621C /* AppService.swift in Sources */ = {isa = PBXBuildFile; fileRef = C63955212875D65A0046621C /* AppService.swift */; };
		C63955262875DACF0046621C /* WeatherService.swift in Sources */ = {isa = PBXBuildFile; fileRef = C63955252875DACF0046621C /* WeatherService.swift */; };
		C63955272875DACF0046621C /* WeatherService.swift in Sources */ = {isa = PBXBuildFile; fileRef = C63955252875DACF0046621C /* WeatherService.swift */; };
		C639552A2875DC5B0046621C /* WeatherListViewModel.swift in Sources */ = {isa = PBXBuildFile; fileRef = C63955292875DC5B0046621C /* WeatherListViewModel.swift */; };
		C639552B2875DC5B0046621C /* WeatherListViewModel.swift in Sources */ = {isa = PBXBuildFile; fileRef = C63955292875DC5B0046621C /* WeatherListViewModel.swift */; };
		C639552D2875F0A10046621C /* WeatherIconModel.swift in Sources */ = {isa = PBXBuildFile; fileRef = C639552C2875F0A10046621C /* WeatherIconModel.swift */; };
		C639552E2875F0A10046621C /* WeatherIconModel.swift in Sources */ = {isa = PBXBuildFile; fileRef = C639552C2875F0A10046621C /* WeatherIconModel.swift */; };
		C66896DD2875B351001702BA /* WeatherApp.swift in Sources */ = {isa = PBXBuildFile; fileRef = C66896CD2875B350001702BA /* WeatherApp.swift */; };
		C66896DE2875B351001702BA /* WeatherApp.swift in Sources */ = {isa = PBXBuildFile; fileRef = C66896CD2875B350001702BA /* WeatherApp.swift */; };
		C66896DF2875B351001702BA /* WeatherListView.swift in Sources */ = {isa = PBXBuildFile; fileRef = C66896CE2875B350001702BA /* WeatherListView.swift */; };
		C66896E02875B351001702BA /* WeatherListView.swift in Sources */ = {isa = PBXBuildFile; fileRef = C66896CE2875B350001702BA /* WeatherListView.swift */; };
		C66896E12875B351001702BA /* Assets.xcassets in Resources */ = {isa = PBXBuildFile; fileRef = C66896CF2875B350001702BA /* Assets.xcassets */; };
		C66896E22875B351001702BA /* Assets.xcassets in Resources */ = {isa = PBXBuildFile; fileRef = C66896CF2875B350001702BA /* Assets.xcassets */; };
/* End PBXBuildFile section */

/* Begin PBXFileReference section */
		C63955072875C21F0046621C /* WeatherModel.swift */ = {isa = PBXFileReference; lastKnownFileType = sourcecode.swift; path = WeatherModel.swift; sourceTree = "<group>"; };
		C639550B2875C8980046621C /* Endpoint.swift */ = {isa = PBXFileReference; lastKnownFileType = sourcecode.swift; path = Endpoint.swift; sourceTree = "<group>"; };
		C639550E2875CF020046621C /* HTTPClient.swift */ = {isa = PBXFileReference; lastKnownFileType = sourcecode.swift; path = HTTPClient.swift; sourceTree = "<group>"; };
		C63955112875CF150046621C /* HTTPContentType.swift */ = {isa = PBXFileReference; lastKnownFileType = sourcecode.swift; path = HTTPContentType.swift; sourceTree = "<group>"; };
		C63955142875CF250046621C /* HTTPMethod.swift */ = {isa = PBXFileReference; lastKnownFileType = sourcecode.swift; path = HTTPMethod.swift; sourceTree = "<group>"; };
		C63955172875CF340046621C /* RequestError.swift */ = {isa = PBXFileReference; lastKnownFileType = sourcecode.swift; path = RequestError.swift; sourceTree = "<group>"; };
		C639551B2875D0910046621C /* WeatherEndpoint.swift */ = {isa = PBXFileReference; lastKnownFileType = sourcecode.swift; path = WeatherEndpoint.swift; sourceTree = "<group>"; };
		C639551E2875D4630046621C /* Info.plist */ = {isa = PBXFileReference; lastKnownFileType = text.plist.xml; path = Info.plist; sourceTree = "<group>"; };
		C639551F2875D47E0046621C /* Info.plist */ = {isa = PBXFileReference; lastKnownFileType = text.plist.xml; path = Info.plist; sourceTree = "<group>"; };
		C63955212875D65A0046621C /* AppService.swift */ = {isa = PBXFileReference; lastKnownFileType = sourcecode.swift; path = AppService.swift; sourceTree = "<group>"; };
		C63955252875DACF0046621C /* WeatherService.swift */ = {isa = PBXFileReference; lastKnownFileType = sourcecode.swift; path = WeatherService.swift; sourceTree = "<group>"; };
		C63955292875DC5B0046621C /* WeatherListViewModel.swift */ = {isa = PBXFileReference; lastKnownFileType = sourcecode.swift; path = WeatherListViewModel.swift; sourceTree = "<group>"; };
		C639552C2875F0A10046621C /* WeatherIconModel.swift */ = {isa = PBXFileReference; lastKnownFileType = sourcecode.swift; path = WeatherIconModel.swift; sourceTree = "<group>"; };
		C66896CD2875B350001702BA /* WeatherApp.swift */ = {isa = PBXFileReference; lastKnownFileType = sourcecode.swift; path = WeatherApp.swift; sourceTree = "<group>"; };
		C66896CE2875B350001702BA /* WeatherListView.swift */ = {isa = PBXFileReference; lastKnownFileType = sourcecode.swift; path = WeatherListView.swift; sourceTree = "<group>"; };
		C66896CF2875B350001702BA /* Assets.xcassets */ = {isa = PBXFileReference; lastKnownFileType = folder.assetcatalog; path = Assets.xcassets; sourceTree = "<group>"; };
		C66896D42875B351001702BA /* Weather.app */ = {isa = PBXFileReference; explicitFileType = wrapper.application; includeInIndex = 0; path = Weather.app; sourceTree = BUILT_PRODUCTS_DIR; };
		C66896DA2875B351001702BA /* Weather.app */ = {isa = PBXFileReference; explicitFileType = wrapper.application; includeInIndex = 0; path = Weather.app; sourceTree = BUILT_PRODUCTS_DIR; };
		C66896DC2875B351001702BA /* macOS.entitlements */ = {isa = PBXFileReference; lastKnownFileType = text.plist.entitlements; path = macOS.entitlements; sourceTree = "<group>"; };
		C66896EC2875B383001702BA /* Config.xcconfig */ = {isa = PBXFileReference; lastKnownFileType = text.xcconfig; path = Config.xcconfig; sourceTree = "<group>"; };
/* End PBXFileReference section */

/* Begin PBXFrameworksBuildPhase section */
		C66896D12875B351001702BA /* Frameworks */ = {
			isa = PBXFrameworksBuildPhase;
			buildActionMask = 2147483647;
			files = (
			);
			runOnlyForDeploymentPostprocessing = 0;
		};
		C66896D72875B351001702BA /* Frameworks */ = {
			isa = PBXFrameworksBuildPhase;
			buildActionMask = 2147483647;
			files = (
			);
			runOnlyForDeploymentPostprocessing = 0;
		};
/* End PBXFrameworksBuildPhase section */

/* Begin PBXGroup section */
		C63955052875C2050046621C /* Core */ = {
			isa = PBXGroup;
			children = (
				C63955242875DAC00046621C /* Services */,
				C639551A2875D06A0046621C /* Endpoints */,
				C639550A2875C88B0046621C /* Networking */,
				C63955062875C20F0046621C /* Model */,
			);
			path = Core;
			sourceTree = "<group>";
		};
		C63955062875C20F0046621C /* Model */ = {
			isa = PBXGroup;
			children = (
				C63955212875D65A0046621C /* AppService.swift */,
				C63955072875C21F0046621C /* WeatherModel.swift */,
				C639552C2875F0A10046621C /* WeatherIconModel.swift */,
			);
			path = Model;
			sourceTree = "<group>";
		};
		C639550A2875C88B0046621C /* Networking */ = {
			isa = PBXGroup;
			children = (
				C639550B2875C8980046621C /* Endpoint.swift */,
				C639550E2875CF020046621C /* HTTPClient.swift */,
				C63955112875CF150046621C /* HTTPContentType.swift */,
				C63955142875CF250046621C /* HTTPMethod.swift */,
				C63955172875CF340046621C /* RequestError.swift */,
			);
			path = Networking;
			sourceTree = "<group>";
		};
		C639551A2875D06A0046621C /* Endpoints */ = {
			isa = PBXGroup;
			children = (
				C639551B2875D0910046621C /* WeatherEndpoint.swift */,
			);
			path = Endpoints;
			sourceTree = "<group>";
		};
		C63955202875D4940046621C /* iOS */ = {
			isa = PBXGroup;
			children = (
				C639551E2875D4630046621C /* Info.plist */,
			);
			path = iOS;
			sourceTree = "<group>";
		};
		C63955242875DAC00046621C /* Services */ = {
			isa = PBXGroup;
			children = (
				C63955252875DACF0046621C /* WeatherService.swift */,
			);
			path = Services;
			sourceTree = "<group>";
		};
		C63955282875DC460046621C /* ViewModels */ = {
			isa = PBXGroup;
			children = (
				C63955292875DC5B0046621C /* WeatherListViewModel.swift */,
			);
			path = ViewModels;
			sourceTree = "<group>";
		};
		C66896C72875B350001702BA = {
			isa = PBXGroup;
			children = (
				C66896EC2875B383001702BA /* Config.xcconfig */,
				C63955052875C2050046621C /* Core */,
				C63955202875D4940046621C /* iOS */,
				C66896DB2875B351001702BA /* macOS */,
				C66896CC2875B350001702BA /* Shared */,
				C66896D52875B351001702BA /* Products */,
			);
			sourceTree = "<group>";
		};
		C66896CC2875B350001702BA /* Shared */ = {
			isa = PBXGroup;
			children = (
				C6F81E282875B4C300651019 /* Resources */,
				C66896EB2875B367001702BA /* Views */,
				C63955282875DC460046621C /* ViewModels */,
				C66896CD2875B350001702BA /* WeatherApp.swift */,
			);
			path = Shared;
			sourceTree = "<group>";
		};
		C66896D52875B351001702BA /* Products */ = {
			isa = PBXGroup;
			children = (
				C66896D42875B351001702BA /* Weather.app */,
				C66896DA2875B351001702BA /* Weather.app */,
			);
			name = Products;
			sourceTree = "<group>";
		};
		C66896DB2875B351001702BA /* macOS */ = {
			isa = PBXGroup;
			children = (
				C639551F2875D47E0046621C /* Info.plist */,
				C66896DC2875B351001702BA /* macOS.entitlements */,
			);
			path = macOS;
			sourceTree = "<group>";
		};
		C66896EB2875B367001702BA /* Views */ = {
			isa = PBXGroup;
			children = (
				C66896CE2875B350001702BA /* WeatherListView.swift */,
			);
			path = Views;
			sourceTree = "<group>";
		};
		C6F81E282875B4C300651019 /* Resources */ = {
			isa = PBXGroup;
			children = (
				C66896CF2875B350001702BA /* Assets.xcassets */,
			);
			path = Resources;
			sourceTree = "<group>";
		};
/* End PBXGroup section */

/* Begin PBXNativeTarget section */
		C66896D32875B351001702BA /* Weather (iOS) */ = {
			isa = PBXNativeTarget;
			buildConfigurationList = C66896E52875B351001702BA /* Build configuration list for PBXNativeTarget "Weather (iOS)" */;
			buildPhases = (
				C66896D02875B351001702BA /* Sources */,
				C66896D12875B351001702BA /* Frameworks */,
				C66896D22875B351001702BA /* Resources */,
			);
			buildRules = (
			);
			dependencies = (
			);
			name = "Weather (iOS)";
			productName = "Weather (iOS)";
			productReference = C66896D42875B351001702BA /* Weather.app */;
			productType = "com.apple.product-type.application";
		};
		C66896D92875B351001702BA /* Weather (macOS) */ = {
			isa = PBXNativeTarget;
			buildConfigurationList = C66896E82875B351001702BA /* Build configuration list for PBXNativeTarget "Weather (macOS)" */;
			buildPhases = (
				C66896D62875B351001702BA /* Sources */,
				C66896D72875B351001702BA /* Frameworks */,
				C66896D82875B351001702BA /* Resources */,
			);
			buildRules = (
			);
			dependencies = (
			);
			name = "Weather (macOS)";
			productName = "Weather (macOS)";
			productReference = C66896DA2875B351001702BA /* Weather.app */;
			productType = "com.apple.product-type.application";
		};
/* End PBXNativeTarget section */

/* Begin PBXProject section */
		C66896C82875B350001702BA /* Project object */ = {
			isa = PBXProject;
			attributes = {
				BuildIndependentTargetsInParallel = 1;
				LastSwiftUpdateCheck = 1340;
				LastUpgradeCheck = 1340;
				TargetAttributes = {
					C66896D32875B351001702BA = {
						CreatedOnToolsVersion = 13.4;
					};
					C66896D92875B351001702BA = {
						CreatedOnToolsVersion = 13.4;
					};
				};
			};
			buildConfigurationList = C66896CB2875B350001702BA /* Build configuration list for PBXProject "Weather" */;
			compatibilityVersion = "Xcode 13.0";
			developmentRegion = en;
			hasScannedForEncodings = 0;
			knownRegions = (
				en,
				Base,
			);
			mainGroup = C66896C72875B350001702BA;
			productRefGroup = C66896D52875B351001702BA /* Products */;
			projectDirPath = "";
			projectRoot = "";
			targets = (
				C66896D32875B351001702BA /* Weather (iOS) */,
				C66896D92875B351001702BA /* Weather (macOS) */,
			);
		};
/* End PBXProject section */

/* Begin PBXResourcesBuildPhase section */
		C66896D22875B351001702BA /* Resources */ = {
			isa = PBXResourcesBuildPhase;
			buildActionMask = 2147483647;
			files = (
				C66896E12875B351001702BA /* Assets.xcassets in Resources */,
			);
			runOnlyForDeploymentPostprocessing = 0;
		};
		C66896D82875B351001702BA /* Resources */ = {
			isa = PBXResourcesBuildPhase;
			buildActionMask = 2147483647;
			files = (
				C66896E22875B351001702BA /* Assets.xcassets in Resources */,
			);
			runOnlyForDeploymentPostprocessing = 0;
		};
/* End PBXResourcesBuildPhase section */

/* Begin PBXSourcesBuildPhase section */
		C66896D02875B351001702BA /* Sources */ = {
			isa = PBXSourcesBuildPhase;
			buildActionMask = 2147483647;
			files = (
				C63955182875CF340046621C /* RequestError.swift in Sources */,
				C66896DF2875B351001702BA /* WeatherListView.swift in Sources */,
				C63955262875DACF0046621C /* WeatherService.swift in Sources */,
				C639551C2875D0910046621C /* WeatherEndpoint.swift in Sources */,
				C63955122875CF150046621C /* HTTPContentType.swift in Sources */,
				C63955152875CF250046621C /* HTTPMethod.swift in Sources */,
				C63955222875D65A0046621C /* AppService.swift in Sources */,
				C639550F2875CF020046621C /* HTTPClient.swift in Sources */,
				C639552D2875F0A10046621C /* WeatherIconModel.swift in Sources */,
				C63955082875C21F0046621C /* WeatherModel.swift in Sources */,
				C639552A2875DC5B0046621C /* WeatherListViewModel.swift in Sources */,
				C639550C2875C8980046621C /* Endpoint.swift in Sources */,
				C66896DD2875B351001702BA /* WeatherApp.swift in Sources */,
			);
			runOnlyForDeploymentPostprocessing = 0;
		};
		C66896D62875B351001702BA /* Sources */ = {
			isa = PBXSourcesBuildPhase;
			buildActionMask = 2147483647;
			files = (
				C63955192875CF340046621C /* RequestError.swift in Sources */,
				C66896E02875B351001702BA /* WeatherListView.swift in Sources */,
				C63955272875DACF0046621C /* WeatherService.swift in Sources */,
				C639551D2875D0910046621C /* WeatherEndpoint.swift in Sources */,
				C63955132875CF150046621C /* HTTPContentType.swift in Sources */,
				C63955162875CF250046621C /* HTTPMethod.swift in Sources */,
				C63955232875D65A0046621C /* AppService.swift in Sources */,
				C63955102875CF020046621C /* HTTPClient.swift in Sources */,
				C639552E2875F0A10046621C /* WeatherIconModel.swift in Sources */,
				C63955092875C21F0046621C /* WeatherModel.swift in Sources */,
				C639552B2875DC5B0046621C /* WeatherListViewModel.swift in Sources */,
				C639550D2875C8980046621C /* Endpoint.swift in Sources */,
				C66896DE2875B351001702BA /* WeatherApp.swift in Sources */,
			);
			runOnlyForDeploymentPostprocessing = 0;
		};
/* End PBXSourcesBuildPhase section */

/* Begin XCBuildConfiguration section */
		C66896E32875B351001702BA /* Debug */ = {
			isa = XCBuildConfiguration;
			baseConfigurationReference = C66896EC2875B383001702BA /* Config.xcconfig */;
			buildSettings = {
				ALWAYS_SEARCH_USER_PATHS = NO;
				CLANG_ANALYZER_NONNULL = YES;
				CLANG_ANALYZER_NUMBER_OBJECT_CONVERSION = YES_AGGRESSIVE;
				CLANG_CXX_LANGUAGE_STANDARD = "gnu++17";
				CLANG_ENABLE_MODULES = YES;
				CLANG_ENABLE_OBJC_ARC = YES;
				CLANG_ENABLE_OBJC_WEAK = YES;
				CLANG_WARN_BLOCK_CAPTURE_AUTORELEASING = YES;
				CLANG_WARN_BOOL_CONVERSION = YES;
				CLANG_WARN_COMMA = YES;
				CLANG_WARN_CONSTANT_CONVERSION = YES;
				CLANG_WARN_DEPRECATED_OBJC_IMPLEMENTATIONS = YES;
				CLANG_WARN_DIRECT_OBJC_ISA_USAGE = YES_ERROR;
				CLANG_WARN_DOCUMENTATION_COMMENTS = YES;
				CLANG_WARN_EMPTY_BODY = YES;
				CLANG_WARN_ENUM_CONVERSION = YES;
				CLANG_WARN_INFINITE_RECURSION = YES;
				CLANG_WARN_INT_CONVERSION = YES;
				CLANG_WARN_NON_LITERAL_NULL_CONVERSION = YES;
				CLANG_WARN_OBJC_IMPLICIT_RETAIN_SELF = YES;
				CLANG_WARN_OBJC_LITERAL_CONVERSION = YES;
				CLANG_WARN_OBJC_ROOT_CLASS = YES_ERROR;
				CLANG_WARN_QUOTED_INCLUDE_IN_FRAMEWORK_HEADER = YES;
				CLANG_WARN_RANGE_LOOP_ANALYSIS = YES;
				CLANG_WARN_STRICT_PROTOTYPES = YES;
				CLANG_WARN_SUSPICIOUS_MOVE = YES;
				CLANG_WARN_UNGUARDED_AVAILABILITY = YES_AGGRESSIVE;
				CLANG_WARN_UNREACHABLE_CODE = YES;
				CLANG_WARN__DUPLICATE_METHOD_MATCH = YES;
				COPY_PHASE_STRIP = NO;
				DEBUG_INFORMATION_FORMAT = dwarf;
				ENABLE_STRICT_OBJC_MSGSEND = YES;
				ENABLE_TESTABILITY = YES;
				GCC_C_LANGUAGE_STANDARD = gnu11;
				GCC_DYNAMIC_NO_PIC = NO;
				GCC_NO_COMMON_BLOCKS = YES;
				GCC_OPTIMIZATION_LEVEL = 0;
				GCC_PREPROCESSOR_DEFINITIONS = (
					"DEBUG=1",
					"$(inherited)",
				);
				GCC_WARN_64_TO_32_BIT_CONVERSION = YES;
				GCC_WARN_ABOUT_RETURN_TYPE = YES_ERROR;
				GCC_WARN_UNDECLARED_SELECTOR = YES;
				GCC_WARN_UNINITIALIZED_AUTOS = YES_AGGRESSIVE;
				GCC_WARN_UNUSED_FUNCTION = YES;
				GCC_WARN_UNUSED_VARIABLE = YES;
				MTL_ENABLE_DEBUG_INFO = INCLUDE_SOURCE;
				MTL_FAST_MATH = YES;
				ONLY_ACTIVE_ARCH = YES;
				SWIFT_ACTIVE_COMPILATION_CONDITIONS = DEBUG;
				SWIFT_OPTIMIZATION_LEVEL = "-Onone";
			};
			name = Debug;
		};
		C66896E42875B351001702BA /* Release */ = {
			isa = XCBuildConfiguration;
			baseConfigurationReference = C66896EC2875B383001702BA /* Config.xcconfig */;
			buildSettings = {
				ALWAYS_SEARCH_USER_PATHS = NO;
				CLANG_ANALYZER_NONNULL = YES;
				CLANG_ANALYZER_NUMBER_OBJECT_CONVERSION = YES_AGGRESSIVE;
				CLANG_CXX_LANGUAGE_STANDARD = "gnu++17";
				CLANG_ENABLE_MODULES = YES;
				CLANG_ENABLE_OBJC_ARC = YES;
				CLANG_ENABLE_OBJC_WEAK = YES;
				CLANG_WARN_BLOCK_CAPTURE_AUTORELEASING = YES;
				CLANG_WARN_BOOL_CONVERSION = YES;
				CLANG_WARN_COMMA = YES;
				CLANG_WARN_CONSTANT_CONVERSION = YES;
				CLANG_WARN_DEPRECATED_OBJC_IMPLEMENTATIONS = YES;
				CLANG_WARN_DIRECT_OBJC_ISA_USAGE = YES_ERROR;
				CLANG_WARN_DOCUMENTATION_COMMENTS = YES;
				CLANG_WARN_EMPTY_BODY = YES;
				CLANG_WARN_ENUM_CONVERSION = YES;
				CLANG_WARN_INFINITE_RECURSION = YES;
				CLANG_WARN_INT_CONVERSION = YES;
				CLANG_WARN_NON_LITERAL_NULL_CONVERSION = YES;
				CLANG_WARN_OBJC_IMPLICIT_RETAIN_SELF = YES;
				CLANG_WARN_OBJC_LITERAL_CONVERSION = YES;
				CLANG_WARN_OBJC_ROOT_CLASS = YES_ERROR;
				CLANG_WARN_QUOTED_INCLUDE_IN_FRAMEWORK_HEADER = YES;
				CLANG_WARN_RANGE_LOOP_ANALYSIS = YES;
				CLANG_WARN_STRICT_PROTOTYPES = YES;
				CLANG_WARN_SUSPICIOUS_MOVE = YES;
				CLANG_WARN_UNGUARDED_AVAILABILITY = YES_AGGRESSIVE;
				CLANG_WARN_UNREACHABLE_CODE = YES;
				CLANG_WARN__DUPLICATE_METHOD_MATCH = YES;
				COPY_PHASE_STRIP = NO;
				DEBUG_INFORMATION_FORMAT = "dwarf-with-dsym";
				ENABLE_NS_ASSERTIONS = NO;
				ENABLE_STRICT_OBJC_MSGSEND = YES;
				GCC_C_LANGUAGE_STANDARD = gnu11;
				GCC_NO_COMMON_BLOCKS = YES;
				GCC_WARN_64_TO_32_BIT_CONVERSION = YES;
				GCC_WARN_ABOUT_RETURN_TYPE = YES_ERROR;
				GCC_WARN_UNDECLARED_SELECTOR = YES;
				GCC_WARN_UNINITIALIZED_AUTOS = YES_AGGRESSIVE;
				GCC_WARN_UNUSED_FUNCTION = YES;
				GCC_WARN_UNUSED_VARIABLE = YES;
				MTL_ENABLE_DEBUG_INFO = NO;
				MTL_FAST_MATH = YES;
				SWIFT_COMPILATION_MODE = wholemodule;
				SWIFT_OPTIMIZATION_LEVEL = "-O";
			};
			name = Release;
		};
		C66896E62875B351001702BA /* Debug */ = {
			isa = XCBuildConfiguration;
			buildSettings = {
				ASSETCATALOG_COMPILER_APPICON_NAME = AppIcon;
				ASSETCATALOG_COMPILER_GLOBAL_ACCENT_COLOR_NAME = AccentColor;
				CODE_SIGN_STYLE = Automatic;
				CURRENT_PROJECT_VERSION = "$(WEATHER_APP_BUNDLE_VERSION)";
				DEVELOPMENT_TEAM = "";
				ENABLE_PREVIEWS = YES;
				GENERATE_INFOPLIST_FILE = YES;
				INFOPLIST_FILE = iOS/Info.plist;
				INFOPLIST_KEY_LSApplicationCategoryType = "public.app-category.weather";
				INFOPLIST_KEY_UIApplicationSceneManifest_Generation = YES;
				INFOPLIST_KEY_UIApplicationSupportsIndirectInputEvents = YES;
				INFOPLIST_KEY_UILaunchScreen_Generation = YES;
				INFOPLIST_KEY_UISupportedInterfaceOrientations_iPad = "UIInterfaceOrientationPortrait UIInterfaceOrientationPortraitUpsideDown UIInterfaceOrientationLandscapeLeft UIInterfaceOrientationLandscapeRight";
				INFOPLIST_KEY_UISupportedInterfaceOrientations_iPhone = "UIInterfaceOrientationPortrait UIInterfaceOrientationLandscapeLeft UIInterfaceOrientationLandscapeRight";
				IPHONEOS_DEPLOYMENT_TARGET = 15.0;
				LD_RUNPATH_SEARCH_PATHS = (
					"$(inherited)",
					"@executable_path/Frameworks",
				);
				MARKETING_VERSION = "$(WEATHER_APP_VERSION)";
				PRODUCT_BUNDLE_IDENTIFIER = "$(WEATHER_APP_ID)";
				PRODUCT_NAME = "$(WEATHER_APP_NAME)";
				SDKROOT = iphoneos;
				SWIFT_EMIT_LOC_STRINGS = YES;
				SWIFT_VERSION = 5.0;
				TARGETED_DEVICE_FAMILY = "1,2";
			};
			name = Debug;
		};
		C66896E72875B351001702BA /* Release */ = {
			isa = XCBuildConfiguration;
			buildSettings = {
				ASSETCATALOG_COMPILER_APPICON_NAME = AppIcon;
				ASSETCATALOG_COMPILER_GLOBAL_ACCENT_COLOR_NAME = AccentColor;
				CODE_SIGN_STYLE = Automatic;
				CURRENT_PROJECT_VERSION = "$(WEATHER_APP_BUNDLE_VERSION)";
				DEVELOPMENT_TEAM = "";
				ENABLE_PREVIEWS = YES;
				GENERATE_INFOPLIST_FILE = YES;
				INFOPLIST_FILE = iOS/Info.plist;
				INFOPLIST_KEY_LSApplicationCategoryType = "public.app-category.weather";
				INFOPLIST_KEY_UIApplicationSceneManifest_Generation = YES;
				INFOPLIST_KEY_UIApplicationSupportsIndirectInputEvents = YES;
				INFOPLIST_KEY_UILaunchScreen_Generation = YES;
				INFOPLIST_KEY_UISupportedInterfaceOrientations_iPad = "UIInterfaceOrientationPortrait UIInterfaceOrientationPortraitUpsideDown UIInterfaceOrientationLandscapeLeft UIInterfaceOrientationLandscapeRight";
				INFOPLIST_KEY_UISupportedInterfaceOrientations_iPhone = "UIInterfaceOrientationPortrait UIInterfaceOrientationLandscapeLeft UIInterfaceOrientationLandscapeRight";
				IPHONEOS_DEPLOYMENT_TARGET = 15.0;
				LD_RUNPATH_SEARCH_PATHS = (
					"$(inherited)",
					"@executable_path/Frameworks",
				);
				MARKETING_VERSION = "$(WEATHER_APP_VERSION)";
				PRODUCT_BUNDLE_IDENTIFIER = "$(WEATHER_APP_ID)";
				PRODUCT_NAME = "$(WEATHER_APP_NAME)";
				SDKROOT = iphoneos;
				SWIFT_EMIT_LOC_STRINGS = YES;
				SWIFT_VERSION = 5.0;
				TARGETED_DEVICE_FAMILY = "1,2";
				VALIDATE_PRODUCT = YES;
			};
			name = Release;
		};
		C66896E92875B351001702BA /* Debug */ = {
			isa = XCBuildConfiguration;
			buildSettings = {
				ASSETCATALOG_COMPILER_APPICON_NAME = AppIcon;
				ASSETCATALOG_COMPILER_GLOBAL_ACCENT_COLOR_NAME = AccentColor;
				CODE_SIGN_ENTITLEMENTS = macOS/macOS.entitlements;
				CODE_SIGN_STYLE = Automatic;
				COMBINE_HIDPI_IMAGES = YES;
				CURRENT_PROJECT_VERSION = "$(WEATHER_APP_BUNDLE_VERSION)";
				ENABLE_PREVIEWS = YES;
				GENERATE_INFOPLIST_FILE = YES;
				INFOPLIST_FILE = macOS/Info.plist;
				INFOPLIST_KEY_LSApplicationCategoryType = "public.app-category.weather";
				INFOPLIST_KEY_NSHumanReadableCopyright = "";
				LD_RUNPATH_SEARCH_PATHS = (
					"$(inherited)",
					"@executable_path/../Frameworks",
				);
				MACOSX_DEPLOYMENT_TARGET = 12.0;
				MARKETING_VERSION = "$(WEATHER_APP_VERSION)";
				PRODUCT_BUNDLE_IDENTIFIER = "$(WEATHER_APP_ID)";
				PRODUCT_NAME = "$(WEATHER_APP_NAME)";
				SDKROOT = macosx;
				SWIFT_EMIT_LOC_STRINGS = YES;
				SWIFT_VERSION = 5.0;
			};
			name = Debug;
		};
		C66896EA2875B351001702BA /* Release */ = {
			isa = XCBuildConfiguration;
			buildSettings = {
				ASSETCATALOG_COMPILER_APPICON_NAME = AppIcon;
				ASSETCATALOG_COMPILER_GLOBAL_ACCENT_COLOR_NAME = AccentColor;
				CODE_SIGN_ENTITLEMENTS = macOS/macOS.entitlements;
				CODE_SIGN_STYLE = Automatic;
				COMBINE_HIDPI_IMAGES = YES;
				CURRENT_PROJECT_VERSION = "$(WEATHER_APP_BUNDLE_VERSION)";
				ENABLE_PREVIEWS = YES;
				GENERATE_INFOPLIST_FILE = YES;
				INFOPLIST_FILE = macOS/Info.plist;
				INFOPLIST_KEY_LSApplicationCategoryType = "public.app-category.weather";
				INFOPLIST_KEY_NSHumanReadableCopyright = "";
				LD_RUNPATH_SEARCH_PATHS = (
					"$(inherited)",
					"@executable_path/../Frameworks",
				);
				MACOSX_DEPLOYMENT_TARGET = 12.0;
				MARKETING_VERSION = "$(WEATHER_APP_VERSION)";
				PRODUCT_BUNDLE_IDENTIFIER = "$(WEATHER_APP_ID)";
				PRODUCT_NAME = "$(WEATHER_APP_NAME)";
				SDKROOT = macosx;
				SWIFT_EMIT_LOC_STRINGS = YES;
				SWIFT_VERSION = 5.0;
			};
			name = Release;
		};
/* End XCBuildConfiguration section */

/* Begin XCConfigurationList section */
		C66896CB2875B350001702BA /* Build configuration list for PBXProject "Weather" */ = {
			isa = XCConfigurationList;
			buildConfigurations = (
				C66896E32875B351001702BA /* Debug */,
				C66896E42875B351001702BA /* Release */,
			);
			defaultConfigurationIsVisible = 0;
			defaultConfigurationName = Release;
		};
		C66896E52875B351001702BA /* Build configuration list for PBXNativeTarget "Weather (iOS)" */ = {
			isa = XCConfigurationList;
			buildConfigurations = (
				C66896E62875B351001702BA /* Debug */,
				C66896E72875B351001702BA /* Release */,
			);
			defaultConfigurationIsVisible = 0;
			defaultConfigurationName = Release;
		};
		C66896E82875B351001702BA /* Build configuration list for PBXNativeTarget "Weather (macOS)" */ = {
			isa = XCConfigurationList;
			buildConfigurations = (
				C66896E92875B351001702BA /* Debug */,
				C66896EA2875B351001702BA /* Release */,
			);
			defaultConfigurationIsVisible = 0;
			defaultConfigurationName = Release;
		};
/* End XCConfigurationList section */
	};
	rootObject = C66896C82875B350001702BA /* Project object */;
}
