// !$*UTF8*$!
{
	archiveVersion = 1;
	classes = {
	};
	objectVersion = 55;
	objects = {

/* Begin PBXBuildFile section */
		C61FE5772891310E00865ED7 /* WeatherDetailModel.swift in Sources */ = {isa = PBXBuildFile; fileRef = C61FE5762891310E00865ED7 /* WeatherDetailModel.swift */; };
		C61FE57A2891313A00865ED7 /* OpenWeatherErrorModel.swift in Sources */ = {isa = PBXBuildFile; fileRef = C61FE5792891313A00865ED7 /* OpenWeatherErrorModel.swift */; };
		C61FE57D2891315E00865ED7 /* RegionDetailsModel.swift in Sources */ = {isa = PBXBuildFile; fileRef = C61FE57C2891315E00865ED7 /* RegionDetailsModel.swift */; };
		C63955082875C21F0046621C /* WeatherModel.swift in Sources */ = {isa = PBXBuildFile; fileRef = C63955072875C21F0046621C /* WeatherModel.swift */; };
		C639550C2875C8980046621C /* Endpoint.swift in Sources */ = {isa = PBXBuildFile; fileRef = C639550B2875C8980046621C /* Endpoint.swift */; };
		C639550F2875CF020046621C /* HTTPClient.swift in Sources */ = {isa = PBXBuildFile; fileRef = C639550E2875CF020046621C /* HTTPClient.swift */; };
		C63955122875CF150046621C /* HTTPContentType.swift in Sources */ = {isa = PBXBuildFile; fileRef = C63955112875CF150046621C /* HTTPContentType.swift */; };
		C63955182875CF340046621C /* RequestError.swift in Sources */ = {isa = PBXBuildFile; fileRef = C63955172875CF340046621C /* RequestError.swift */; };
		C639551C2875D0910046621C /* WeatherEndpoint.swift in Sources */ = {isa = PBXBuildFile; fileRef = C639551B2875D0910046621C /* WeatherEndpoint.swift */; };
		C63955222875D65A0046621C /* AppService.swift in Sources */ = {isa = PBXBuildFile; fileRef = C63955212875D65A0046621C /* AppService.swift */; };
		C63955262875DACF0046621C /* WeatherService.swift in Sources */ = {isa = PBXBuildFile; fileRef = C63955252875DACF0046621C /* WeatherService.swift */; };
		C639552A2875DC5B0046621C /* WeatherListViewModel.swift in Sources */ = {isa = PBXBuildFile; fileRef = C63955292875DC5B0046621C /* WeatherListViewModel.swift */; };
		C639552D2875F0A10046621C /* WeatherIconModel.swift in Sources */ = {isa = PBXBuildFile; fileRef = C639552C2875F0A10046621C /* WeatherIconModel.swift */; };
		C639553028760A040046621C /* CityListItem.swift in Sources */ = {isa = PBXBuildFile; fileRef = C639552F28760A040046621C /* CityListItem.swift */; };
		C64ECF162A94808800E99253 /* WidgetKit.framework in Frameworks */ = {isa = PBXBuildFile; fileRef = C64ECF152A94808800E99253 /* WidgetKit.framework */; };
		C64ECF182A94808800E99253 /* SwiftUI.framework in Frameworks */ = {isa = PBXBuildFile; fileRef = C64ECF172A94808800E99253 /* SwiftUI.framework */; };
		C64ECF1B2A94808800E99253 /* WeatherWidgetBundle.swift in Sources */ = {isa = PBXBuildFile; fileRef = C64ECF1A2A94808800E99253 /* WeatherWidgetBundle.swift */; };
		C64ECF1D2A94808800E99253 /* WeatherWidget.swift in Sources */ = {isa = PBXBuildFile; fileRef = C64ECF1C2A94808800E99253 /* WeatherWidget.swift */; };
		C64ECF1F2A94808C00E99253 /* Assets.xcassets in Resources */ = {isa = PBXBuildFile; fileRef = C64ECF1E2A94808C00E99253 /* Assets.xcassets */; };
		C64ECF242A94808C00E99253 /* WeatherWidgetExtension.appex in Embed Foundation Extensions */ = {isa = PBXBuildFile; fileRef = C64ECF132A94808800E99253 /* WeatherWidgetExtension.appex */; settings = {ATTRIBUTES = (RemoveHeadersOnCopy, ); }; };
		C665B4C02895874200230211 /* WindModel.swift in Sources */ = {isa = PBXBuildFile; fileRef = C665B4BF2895874200230211 /* WindModel.swift */; };
		C665B4C32895890800230211 /* WeatherMainModel.swift in Sources */ = {isa = PBXBuildFile; fileRef = C665B4C22895890800230211 /* WeatherMainModel.swift */; };
		C66896DD2875B351001702BA /* WeatherApp.swift in Sources */ = {isa = PBXBuildFile; fileRef = C66896CD2875B350001702BA /* WeatherApp.swift */; };
		C66896DF2875B351001702BA /* WeatherListView.swift in Sources */ = {isa = PBXBuildFile; fileRef = C66896CE2875B350001702BA /* WeatherListView.swift */; };
		C66896E12875B351001702BA /* Assets.xcassets in Resources */ = {isa = PBXBuildFile; fileRef = C66896CF2875B350001702BA /* Assets.xcassets */; };
		C66AA51628777A7E00A45ED1 /* AddCityView.swift in Sources */ = {isa = PBXBuildFile; fileRef = C66AA51528777A7E00A45ED1 /* AddCityView.swift */; };
		C68538092A9484310056C4E9 /* WeatherBackgrounds.xcassets in Resources */ = {isa = PBXBuildFile; fileRef = C68538082A9484310056C4E9 /* WeatherBackgrounds.xcassets */; };
		C68E919E287780560005677B /* Array.swift in Sources */ = {isa = PBXBuildFile; fileRef = C68E919D287780560005677B /* Array.swift */; };
		C6F3578C2877399E000FD267 /* WeatherItemDetailView.swift in Sources */ = {isa = PBXBuildFile; fileRef = C6F3578B2877399E000FD267 /* WeatherItemDetailView.swift */; };
		C6FB600C2A948E5F003A4A31 /* WeatherEndpoint.swift in Sources */ = {isa = PBXBuildFile; fileRef = C639551B2875D0910046621C /* WeatherEndpoint.swift */; };
		C6FB600D2A948E63003A4A31 /* WeatherMainModel.swift in Sources */ = {isa = PBXBuildFile; fileRef = C665B4C22895890800230211 /* WeatherMainModel.swift */; };
		C6FB600E2A948E63003A4A31 /* WeatherModel.swift in Sources */ = {isa = PBXBuildFile; fileRef = C63955072875C21F0046621C /* WeatherModel.swift */; };
		C6FB600F2A948E63003A4A31 /* OpenWeatherErrorModel.swift in Sources */ = {isa = PBXBuildFile; fileRef = C61FE5792891313A00865ED7 /* OpenWeatherErrorModel.swift */; };
		C6FB60102A948E63003A4A31 /* RegionDetailsModel.swift in Sources */ = {isa = PBXBuildFile; fileRef = C61FE57C2891315E00865ED7 /* RegionDetailsModel.swift */; };
		C6FB60112A948E63003A4A31 /* WindModel.swift in Sources */ = {isa = PBXBuildFile; fileRef = C665B4BF2895874200230211 /* WindModel.swift */; };
		C6FB60122A948E63003A4A31 /* AppService.swift in Sources */ = {isa = PBXBuildFile; fileRef = C63955212875D65A0046621C /* AppService.swift */; };
		C6FB60132A948E63003A4A31 /* WeatherIconModel.swift in Sources */ = {isa = PBXBuildFile; fileRef = C639552C2875F0A10046621C /* WeatherIconModel.swift */; };
		C6FB60142A948E63003A4A31 /* WeatherDetailModel.swift in Sources */ = {isa = PBXBuildFile; fileRef = C61FE5762891310E00865ED7 /* WeatherDetailModel.swift */; };
		C6FB60152A948E68003A4A31 /* RequestError.swift in Sources */ = {isa = PBXBuildFile; fileRef = C63955172875CF340046621C /* RequestError.swift */; };
		C6FB60162A948E68003A4A31 /* HTTPContentType.swift in Sources */ = {isa = PBXBuildFile; fileRef = C63955112875CF150046621C /* HTTPContentType.swift */; };
		C6FB60172A948E68003A4A31 /* Endpoint.swift in Sources */ = {isa = PBXBuildFile; fileRef = C639550B2875C8980046621C /* Endpoint.swift */; };
		C6FB60182A948E68003A4A31 /* HTTPClient.swift in Sources */ = {isa = PBXBuildFile; fileRef = C639550E2875CF020046621C /* HTTPClient.swift */; };
		C6FB60192A948E6B003A4A31 /* WeatherService.swift in Sources */ = {isa = PBXBuildFile; fileRef = C63955252875DACF0046621C /* WeatherService.swift */; };
		C6FFA7032876106A00EC740C /* WeatherDetailView.swift in Sources */ = {isa = PBXBuildFile; fileRef = C6FFA7022876106A00EC740C /* WeatherDetailView.swift */; };
/* End PBXBuildFile section */

/* Begin PBXContainerItemProxy section */
		C64ECF222A94808C00E99253 /* PBXContainerItemProxy */ = {
			isa = PBXContainerItemProxy;
			containerPortal = C66896C82875B350001702BA /* Project object */;
			proxyType = 1;
			remoteGlobalIDString = C64ECF122A94808800E99253;
			remoteInfo = WeatherWidgetExtension;
		};
/* End PBXContainerItemProxy section */

/* Begin PBXCopyFilesBuildPhase section */
		C64ECF282A94808C00E99253 /* Embed Foundation Extensions */ = {
			isa = PBXCopyFilesBuildPhase;
			buildActionMask = 2147483647;
			dstPath = "";
			dstSubfolderSpec = 13;
			files = (
				C64ECF242A94808C00E99253 /* WeatherWidgetExtension.appex in Embed Foundation Extensions */,
			);
			name = "Embed Foundation Extensions";
			runOnlyForDeploymentPostprocessing = 0;
		};
/* End PBXCopyFilesBuildPhase section */

/* Begin PBXFileReference section */
		C61FE5762891310E00865ED7 /* WeatherDetailModel.swift */ = {isa = PBXFileReference; lastKnownFileType = sourcecode.swift; path = WeatherDetailModel.swift; sourceTree = "<group>"; };
		C61FE5792891313A00865ED7 /* OpenWeatherErrorModel.swift */ = {isa = PBXFileReference; lastKnownFileType = sourcecode.swift; path = OpenWeatherErrorModel.swift; sourceTree = "<group>"; };
		C61FE57C2891315E00865ED7 /* RegionDetailsModel.swift */ = {isa = PBXFileReference; lastKnownFileType = sourcecode.swift; path = RegionDetailsModel.swift; sourceTree = "<group>"; };
		C63955072875C21F0046621C /* WeatherModel.swift */ = {isa = PBXFileReference; lastKnownFileType = sourcecode.swift; path = WeatherModel.swift; sourceTree = "<group>"; };
		C639550B2875C8980046621C /* Endpoint.swift */ = {isa = PBXFileReference; lastKnownFileType = sourcecode.swift; path = Endpoint.swift; sourceTree = "<group>"; };
		C639550E2875CF020046621C /* HTTPClient.swift */ = {isa = PBXFileReference; lastKnownFileType = sourcecode.swift; path = HTTPClient.swift; sourceTree = "<group>"; };
		C63955112875CF150046621C /* HTTPContentType.swift */ = {isa = PBXFileReference; lastKnownFileType = sourcecode.swift; path = HTTPContentType.swift; sourceTree = "<group>"; };
		C63955172875CF340046621C /* RequestError.swift */ = {isa = PBXFileReference; lastKnownFileType = sourcecode.swift; path = RequestError.swift; sourceTree = "<group>"; };
		C639551B2875D0910046621C /* WeatherEndpoint.swift */ = {isa = PBXFileReference; lastKnownFileType = sourcecode.swift; path = WeatherEndpoint.swift; sourceTree = "<group>"; };
		C639551E2875D4630046621C /* Info.plist */ = {isa = PBXFileReference; lastKnownFileType = text.plist.xml; path = Info.plist; sourceTree = "<group>"; };
		C63955212875D65A0046621C /* AppService.swift */ = {isa = PBXFileReference; lastKnownFileType = sourcecode.swift; path = AppService.swift; sourceTree = "<group>"; };
		C63955252875DACF0046621C /* WeatherService.swift */ = {isa = PBXFileReference; lastKnownFileType = sourcecode.swift; path = WeatherService.swift; sourceTree = "<group>"; };
		C63955292875DC5B0046621C /* WeatherListViewModel.swift */ = {isa = PBXFileReference; lastKnownFileType = sourcecode.swift; path = WeatherListViewModel.swift; sourceTree = "<group>"; };
		C639552C2875F0A10046621C /* WeatherIconModel.swift */ = {isa = PBXFileReference; lastKnownFileType = sourcecode.swift; path = WeatherIconModel.swift; sourceTree = "<group>"; };
		C639552F28760A040046621C /* CityListItem.swift */ = {isa = PBXFileReference; lastKnownFileType = sourcecode.swift; path = CityListItem.swift; sourceTree = "<group>"; };
		C64ECF132A94808800E99253 /* WeatherWidgetExtension.appex */ = {isa = PBXFileReference; explicitFileType = "wrapper.app-extension"; includeInIndex = 0; path = WeatherWidgetExtension.appex; sourceTree = BUILT_PRODUCTS_DIR; };
		C64ECF152A94808800E99253 /* WidgetKit.framework */ = {isa = PBXFileReference; lastKnownFileType = wrapper.framework; name = WidgetKit.framework; path = /System/Library/Frameworks/WidgetKit.framework; sourceTree = "<absolute>"; };
		C64ECF172A94808800E99253 /* SwiftUI.framework */ = {isa = PBXFileReference; lastKnownFileType = wrapper.framework; name = SwiftUI.framework; path = /System/Library/Frameworks/SwiftUI.framework; sourceTree = "<absolute>"; };
		C64ECF1A2A94808800E99253 /* WeatherWidgetBundle.swift */ = {isa = PBXFileReference; lastKnownFileType = sourcecode.swift; path = WeatherWidgetBundle.swift; sourceTree = "<group>"; };
		C64ECF1C2A94808800E99253 /* WeatherWidget.swift */ = {isa = PBXFileReference; lastKnownFileType = sourcecode.swift; path = WeatherWidget.swift; sourceTree = "<group>"; };
		C64ECF1E2A94808C00E99253 /* Assets.xcassets */ = {isa = PBXFileReference; lastKnownFileType = folder.assetcatalog; path = Assets.xcassets; sourceTree = "<group>"; };
		C64ECF202A94808C00E99253 /* Info.plist */ = {isa = PBXFileReference; lastKnownFileType = text.plist.xml; path = Info.plist; sourceTree = "<group>"; };
		C64ECF212A94808C00E99253 /* WeatherWidget.entitlements */ = {isa = PBXFileReference; lastKnownFileType = text.plist.entitlements; path = WeatherWidget.entitlements; sourceTree = "<group>"; };
		C665B4BF2895874200230211 /* WindModel.swift */ = {isa = PBXFileReference; lastKnownFileType = sourcecode.swift; path = WindModel.swift; sourceTree = "<group>"; };
		C665B4C22895890800230211 /* WeatherMainModel.swift */ = {isa = PBXFileReference; lastKnownFileType = sourcecode.swift; path = WeatherMainModel.swift; sourceTree = "<group>"; };
		C66896CD2875B350001702BA /* WeatherApp.swift */ = {isa = PBXFileReference; lastKnownFileType = sourcecode.swift; path = WeatherApp.swift; sourceTree = "<group>"; };
		C66896CE2875B350001702BA /* WeatherListView.swift */ = {isa = PBXFileReference; lastKnownFileType = sourcecode.swift; path = WeatherListView.swift; sourceTree = "<group>"; };
		C66896CF2875B350001702BA /* Assets.xcassets */ = {isa = PBXFileReference; lastKnownFileType = folder.assetcatalog; path = Assets.xcassets; sourceTree = "<group>"; };
		C66896D42875B351001702BA /* Weather.app */ = {isa = PBXFileReference; explicitFileType = wrapper.application; includeInIndex = 0; path = Weather.app; sourceTree = BUILT_PRODUCTS_DIR; };
		C66896EC2875B383001702BA /* Config.xcconfig */ = {isa = PBXFileReference; lastKnownFileType = text.xcconfig; path = Config.xcconfig; sourceTree = "<group>"; };
		C66AA51528777A7E00A45ED1 /* AddCityView.swift */ = {isa = PBXFileReference; lastKnownFileType = sourcecode.swift; path = AddCityView.swift; sourceTree = "<group>"; };
		C68538082A9484310056C4E9 /* WeatherBackgrounds.xcassets */ = {isa = PBXFileReference; lastKnownFileType = folder.assetcatalog; path = WeatherBackgrounds.xcassets; sourceTree = "<group>"; };
		C68E919D287780560005677B /* Array.swift */ = {isa = PBXFileReference; lastKnownFileType = sourcecode.swift; path = Array.swift; sourceTree = "<group>"; };
		C6F3578B2877399E000FD267 /* WeatherItemDetailView.swift */ = {isa = PBXFileReference; lastKnownFileType = sourcecode.swift; path = WeatherItemDetailView.swift; sourceTree = "<group>"; };
		C6FFA7022876106A00EC740C /* WeatherDetailView.swift */ = {isa = PBXFileReference; lastKnownFileType = sourcecode.swift; path = WeatherDetailView.swift; sourceTree = "<group>"; };
/* End PBXFileReference section */

/* Begin PBXFrameworksBuildPhase section */
		C64ECF102A94808800E99253 /* Frameworks */ = {
			isa = PBXFrameworksBuildPhase;
			buildActionMask = 2147483647;
			files = (
				C64ECF182A94808800E99253 /* SwiftUI.framework in Frameworks */,
				C64ECF162A94808800E99253 /* WidgetKit.framework in Frameworks */,
			);
			runOnlyForDeploymentPostprocessing = 0;
		};
		C66896D12875B351001702BA /* Frameworks */ = {
			isa = PBXFrameworksBuildPhase;
			buildActionMask = 2147483647;
			files = (
			);
			runOnlyForDeploymentPostprocessing = 0;
		};
/* End PBXFrameworksBuildPhase section */

/* Begin PBXGroup section */
		C63955052875C2050046621C /* Core */ = {
			isa = PBXGroup;
			children = (
				C639551A2875D06A0046621C /* Endpoints */,
				C63955062875C20F0046621C /* Model */,
				C639550A2875C88B0046621C /* Networking */,
				C63955242875DAC00046621C /* Services */,
			);
			path = Core;
			sourceTree = "<group>";
		};
		C63955062875C20F0046621C /* Model */ = {
			isa = PBXGroup;
			children = (
				C63955212875D65A0046621C /* AppService.swift */,
				C61FE5792891313A00865ED7 /* OpenWeatherErrorModel.swift */,
				C61FE57C2891315E00865ED7 /* RegionDetailsModel.swift */,
				C61FE5762891310E00865ED7 /* WeatherDetailModel.swift */,
				C639552C2875F0A10046621C /* WeatherIconModel.swift */,
				C665B4C22895890800230211 /* WeatherMainModel.swift */,
				C63955072875C21F0046621C /* WeatherModel.swift */,
				C665B4BF2895874200230211 /* WindModel.swift */,
			);
			path = Model;
			sourceTree = "<group>";
		};
		C639550A2875C88B0046621C /* Networking */ = {
			isa = PBXGroup;
			children = (
				C639550B2875C8980046621C /* Endpoint.swift */,
				C639550E2875CF020046621C /* HTTPClient.swift */,
				C63955112875CF150046621C /* HTTPContentType.swift */,
				C63955172875CF340046621C /* RequestError.swift */,
			);
			path = Networking;
			sourceTree = "<group>";
		};
		C639551A2875D06A0046621C /* Endpoints */ = {
			isa = PBXGroup;
			children = (
				C639551B2875D0910046621C /* WeatherEndpoint.swift */,
			);
			path = Endpoints;
			sourceTree = "<group>";
		};
		C63955242875DAC00046621C /* Services */ = {
			isa = PBXGroup;
			children = (
				C63955252875DACF0046621C /* WeatherService.swift */,
			);
			path = Services;
			sourceTree = "<group>";
		};
		C63955282875DC460046621C /* ViewModels */ = {
			isa = PBXGroup;
			children = (
				C63955292875DC5B0046621C /* WeatherListViewModel.swift */,
			);
			path = ViewModels;
			sourceTree = "<group>";
		};
		C64ECF142A94808800E99253 /* Frameworks */ = {
			isa = PBXGroup;
			children = (
				C64ECF152A94808800E99253 /* WidgetKit.framework */,
				C64ECF172A94808800E99253 /* SwiftUI.framework */,
			);
			name = Frameworks;
			sourceTree = "<group>";
		};
		C64ECF192A94808800E99253 /* Widget */ = {
			isa = PBXGroup;
			children = (
				C64ECF292A94812D00E99253 /* Resources */,
				C64ECF2A2A94817700E99253 /* WeatherWidget */,
				C64ECF1A2A94808800E99253 /* WeatherWidgetBundle.swift */,
			);
			path = Widget;
			sourceTree = "<group>";
		};
		C64ECF292A94812D00E99253 /* Resources */ = {
			isa = PBXGroup;
			children = (
				C64ECF1E2A94808C00E99253 /* Assets.xcassets */,
				C68538082A9484310056C4E9 /* WeatherBackgrounds.xcassets */,
				C64ECF202A94808C00E99253 /* Info.plist */,
				C64ECF212A94808C00E99253 /* WeatherWidget.entitlements */,
			);
			path = Resources;
			sourceTree = "<group>";
		};
		C64ECF2A2A94817700E99253 /* WeatherWidget */ = {
			isa = PBXGroup;
			children = (
				C64ECF1C2A94808800E99253 /* WeatherWidget.swift */,
			);
			path = WeatherWidget;
			sourceTree = "<group>";
		};
		C66896C72875B350001702BA = {
			isa = PBXGroup;
			children = (
				C66896EC2875B383001702BA /* Config.xcconfig */,
				C63955052875C2050046621C /* Core */,
				C66896CC2875B350001702BA /* App */,
				C64ECF192A94808800E99253 /* Widget */,
				C64ECF142A94808800E99253 /* Frameworks */,
				C66896D52875B351001702BA /* Products */,
			);
			sourceTree = "<group>";
		};
		C66896CC2875B350001702BA /* App */ = {
			isa = PBXGroup;
			children = (
				C68E919C2877804C0005677B /* Extensions */,
				C6F81E282875B4C300651019 /* Resources */,
				C66896EB2875B367001702BA /* Views */,
				C63955282875DC460046621C /* ViewModels */,
				C66896CD2875B350001702BA /* WeatherApp.swift */,
			);
			path = App;
			sourceTree = "<group>";
		};
		C66896D52875B351001702BA /* Products */ = {
			isa = PBXGroup;
			children = (
				C66896D42875B351001702BA /* Weather.app */,
				C64ECF132A94808800E99253 /* WeatherWidgetExtension.appex */,
			);
			name = Products;
			sourceTree = "<group>";
		};
		C66896EB2875B367001702BA /* Views */ = {
			isa = PBXGroup;
			children = (
				C66AA51528777A7E00A45ED1 /* AddCityView.swift */,
				C639552F28760A040046621C /* CityListItem.swift */,
				C6FFA7022876106A00EC740C /* WeatherDetailView.swift */,
				C6F3578B2877399E000FD267 /* WeatherItemDetailView.swift */,
				C66896CE2875B350001702BA /* WeatherListView.swift */,
			);
			path = Views;
			sourceTree = "<group>";
		};
		C68E919C2877804C0005677B /* Extensions */ = {
			isa = PBXGroup;
			children = (
				C68E919D287780560005677B /* Array.swift */,
			);
			path = Extensions;
			sourceTree = "<group>";
		};
		C6F81E282875B4C300651019 /* Resources */ = {
			isa = PBXGroup;
			children = (
				C66896CF2875B350001702BA /* Assets.xcassets */,
				C639551E2875D4630046621C /* Info.plist */,
			);
			path = Resources;
			sourceTree = "<group>";
		};
/* End PBXGroup section */

/* Begin PBXNativeTarget section */
		C64ECF122A94808800E99253 /* WeatherWidgetExtension */ = {
			isa = PBXNativeTarget;
			buildConfigurationList = C64ECF252A94808C00E99253 /* Build configuration list for PBXNativeTarget "WeatherWidgetExtension" */;
			buildPhases = (
				C64ECF0F2A94808800E99253 /* Sources */,
				C64ECF102A94808800E99253 /* Frameworks */,
				C64ECF112A94808800E99253 /* Resources */,
			);
			buildRules = (
			);
			dependencies = (
			);
			name = WeatherWidgetExtension;
			productName = WeatherWidgetExtension;
			productReference = C64ECF132A94808800E99253 /* WeatherWidgetExtension.appex */;
			productType = "com.apple.product-type.app-extension";
		};
		C66896D32875B351001702BA /* Weather */ = {
			isa = PBXNativeTarget;
			buildConfigurationList = C66896E52875B351001702BA /* Build configuration list for PBXNativeTarget "Weather" */;
			buildPhases = (
				C66896D02875B351001702BA /* Sources */,
				C66896D12875B351001702BA /* Frameworks */,
				C66896D22875B351001702BA /* Resources */,
				C64ECF282A94808C00E99253 /* Embed Foundation Extensions */,
			);
			buildRules = (
			);
			dependencies = (
				C64ECF232A94808C00E99253 /* PBXTargetDependency */,
			);
			name = Weather;
			productName = "Weather (iOS)";
			productReference = C66896D42875B351001702BA /* Weather.app */;
			productType = "com.apple.product-type.application";
		};
/* End PBXNativeTarget section */

/* Begin PBXProject section */
		C66896C82875B350001702BA /* Project object */ = {
			isa = PBXProject;
			attributes = {
				BuildIndependentTargetsInParallel = 1;
				LastSwiftUpdateCheck = 1500;
				LastUpgradeCheck = 1500;
				TargetAttributes = {
					C64ECF122A94808800E99253 = {
						CreatedOnToolsVersion = 15.0;
					};
					C66896D32875B351001702BA = {
						CreatedOnToolsVersion = 13.4;
					};
				};
			};
			buildConfigurationList = C66896CB2875B350001702BA /* Build configuration list for PBXProject "Weather" */;
			compatibilityVersion = "Xcode 13.0";
			developmentRegion = en;
			hasScannedForEncodings = 0;
			knownRegions = (
				en,
				Base,
			);
			mainGroup = C66896C72875B350001702BA;
			productRefGroup = C66896D52875B351001702BA /* Products */;
			projectDirPath = "";
			projectRoot = "";
			targets = (
				C66896D32875B351001702BA /* Weather */,
				C64ECF122A94808800E99253 /* WeatherWidgetExtension */,
			);
		};
/* End PBXProject section */

/* Begin PBXResourcesBuildPhase section */
		C64ECF112A94808800E99253 /* Resources */ = {
			isa = PBXResourcesBuildPhase;
			buildActionMask = 2147483647;
			files = (
				C68538092A9484310056C4E9 /* WeatherBackgrounds.xcassets in Resources */,
				C64ECF1F2A94808C00E99253 /* Assets.xcassets in Resources */,
			);
			runOnlyForDeploymentPostprocessing = 0;
		};
		C66896D22875B351001702BA /* Resources */ = {
			isa = PBXResourcesBuildPhase;
			buildActionMask = 2147483647;
			files = (
				C66896E12875B351001702BA /* Assets.xcassets in Resources */,
			);
			runOnlyForDeploymentPostprocessing = 0;
		};
/* End PBXResourcesBuildPhase section */

/* Begin PBXSourcesBuildPhase section */
		C64ECF0F2A94808800E99253 /* Sources */ = {
			isa = PBXSourcesBuildPhase;
			buildActionMask = 2147483647;
			files = (
				C6FB60192A948E6B003A4A31 /* WeatherService.swift in Sources */,
				C6FB60172A948E68003A4A31 /* Endpoint.swift in Sources */,
				C64ECF1D2A94808800E99253 /* WeatherWidget.swift in Sources */,
				C6FB60122A948E63003A4A31 /* AppService.swift in Sources */,
				C6FB600F2A948E63003A4A31 /* OpenWeatherErrorModel.swift in Sources */,
				C64ECF1B2A94808800E99253 /* WeatherWidgetBundle.swift in Sources */,
				C6FB60102A948E63003A4A31 /* RegionDetailsModel.swift in Sources */,
				C6FB600C2A948E5F003A4A31 /* WeatherEndpoint.swift in Sources */,
				C6FB60112A948E63003A4A31 /* WindModel.swift in Sources */,
				C6FB600D2A948E63003A4A31 /* WeatherMainModel.swift in Sources */,
				C6FB60162A948E68003A4A31 /* HTTPContentType.swift in Sources */,
				C6FB60152A948E68003A4A31 /* RequestError.swift in Sources */,
				C6FB60182A948E68003A4A31 /* HTTPClient.swift in Sources */,
				C6FB600E2A948E63003A4A31 /* WeatherModel.swift in Sources */,
				C6FB60142A948E63003A4A31 /* WeatherDetailModel.swift in Sources */,
				C6FB60132A948E63003A4A31 /* WeatherIconModel.swift in Sources */,
			);
			runOnlyForDeploymentPostprocessing = 0;
		};
		C66896D02875B351001702BA /* Sources */ = {
			isa = PBXSourcesBuildPhase;
			buildActionMask = 2147483647;
			files = (
				C63955182875CF340046621C /* RequestError.swift in Sources */,
				C66896DF2875B351001702BA /* WeatherListView.swift in Sources */,
				C665B4C02895874200230211 /* WindModel.swift in Sources */,
				C63955262875DACF0046621C /* WeatherService.swift in Sources */,
				C6F3578C2877399E000FD267 /* WeatherItemDetailView.swift in Sources */,
				C639553028760A040046621C /* CityListItem.swift in Sources */,
				C639551C2875D0910046621C /* WeatherEndpoint.swift in Sources */,
				C63955122875CF150046621C /* HTTPContentType.swift in Sources */,
				C61FE57D2891315E00865ED7 /* RegionDetailsModel.swift in Sources */,
				C63955222875D65A0046621C /* AppService.swift in Sources */,
				C68E919E287780560005677B /* Array.swift in Sources */,
				C639550F2875CF020046621C /* HTTPClient.swift in Sources */,
				C61FE5772891310E00865ED7 /* WeatherDetailModel.swift in Sources */,
				C639552D2875F0A10046621C /* WeatherIconModel.swift in Sources */,
				C63955082875C21F0046621C /* WeatherModel.swift in Sources */,
				C639552A2875DC5B0046621C /* WeatherListViewModel.swift in Sources */,
				C665B4C32895890800230211 /* WeatherMainModel.swift in Sources */,
				C6FFA7032876106A00EC740C /* WeatherDetailView.swift in Sources */,
				C639550C2875C8980046621C /* Endpoint.swift in Sources */,
				C66896DD2875B351001702BA /* WeatherApp.swift in Sources */,
				C66AA51628777A7E00A45ED1 /* AddCityView.swift in Sources */,
				C61FE57A2891313A00865ED7 /* OpenWeatherErrorModel.swift in Sources */,
			);
			runOnlyForDeploymentPostprocessing = 0;
		};
/* End PBXSourcesBuildPhase section */

/* Begin PBXTargetDependency section */
		C64ECF232A94808C00E99253 /* PBXTargetDependency */ = {
			isa = PBXTargetDependency;
			target = C64ECF122A94808800E99253 /* WeatherWidgetExtension */;
			targetProxy = C64ECF222A94808C00E99253 /* PBXContainerItemProxy */;
		};
/* End PBXTargetDependency section */

/* Begin XCBuildConfiguration section */
		C64ECF262A94808C00E99253 /* Debug */ = {
			isa = XCBuildConfiguration;
			buildSettings = {
				ASSETCATALOG_COMPILER_GLOBAL_ACCENT_COLOR_NAME = AccentColor;
				ASSETCATALOG_COMPILER_WIDGET_BACKGROUND_COLOR_NAME = WidgetBackground;
				CLANG_CXX_LANGUAGE_STANDARD = "gnu++20";
				CODE_SIGN_ENTITLEMENTS = Widget/Resources/WeatherWidget.entitlements;
				CODE_SIGN_STYLE = Automatic;
				CURRENT_PROJECT_VERSION = "$(WEATHER_APP_BUNDLE_VERSION)";
				DEVELOPMENT_TEAM = "";
				GCC_C_LANGUAGE_STANDARD = gnu17;
				GENERATE_INFOPLIST_FILE = YES;
				INFOPLIST_FILE = Widget/Resources/Info.plist;
				INFOPLIST_KEY_CFBundleDisplayName = WeatherWidget;
				INFOPLIST_KEY_NSHumanReadableCopyright = "";
				IPHONEOS_DEPLOYMENT_TARGET = 16.0;
				LD_RUNPATH_SEARCH_PATHS = (
					"$(inherited)",
					"@executable_path/Frameworks",
					"@executable_path/../../Frameworks",
				);
				"LD_RUNPATH_SEARCH_PATHS[sdk=macosx*]" = (
					"$(inherited)",
					"@executable_path/../Frameworks",
					"@executable_path/../../../../Frameworks",
				);
				LOCALIZATION_PREFERS_STRING_CATALOGS = YES;
				MACOSX_DEPLOYMENT_TARGET = 13.0;
				MARKETING_VERSION = "$(WEATHER_APP_VERSION)";
				PRODUCT_BUNDLE_IDENTIFIER = "$(WEATHER_APP_ID).widget";
				PRODUCT_NAME = "$(TARGET_NAME)";
				SDKROOT = auto;
				SKIP_INSTALL = YES;
				SUPPORTED_PLATFORMS = "iphoneos iphonesimulator macosx";
				SWIFT_ACTIVE_COMPILATION_CONDITIONS = "DEBUG $(inherited)";
				SWIFT_EMIT_LOC_STRINGS = YES;
				SWIFT_VERSION = 5.0;
				TARGETED_DEVICE_FAMILY = "1,2";
			};
			name = Debug;
		};
		C64ECF272A94808C00E99253 /* Release */ = {
			isa = XCBuildConfiguration;
			buildSettings = {
				ASSETCATALOG_COMPILER_GLOBAL_ACCENT_COLOR_NAME = AccentColor;
				ASSETCATALOG_COMPILER_WIDGET_BACKGROUND_COLOR_NAME = WidgetBackground;
				CLANG_CXX_LANGUAGE_STANDARD = "gnu++20";
				CODE_SIGN_ENTITLEMENTS = Widget/Resources/WeatherWidget.entitlements;
				CODE_SIGN_STYLE = Automatic;
				CURRENT_PROJECT_VERSION = "$(WEATHER_APP_BUNDLE_VERSION)";
				DEVELOPMENT_TEAM = "";
				GCC_C_LANGUAGE_STANDARD = gnu17;
				GENERATE_INFOPLIST_FILE = YES;
				INFOPLIST_FILE = Widget/Resources/Info.plist;
				INFOPLIST_KEY_CFBundleDisplayName = WeatherWidget;
				INFOPLIST_KEY_NSHumanReadableCopyright = "";
				IPHONEOS_DEPLOYMENT_TARGET = 16.0;
				LD_RUNPATH_SEARCH_PATHS = (
					"$(inherited)",
					"@executable_path/Frameworks",
					"@executable_path/../../Frameworks",
				);
				"LD_RUNPATH_SEARCH_PATHS[sdk=macosx*]" = (
					"$(inherited)",
					"@executable_path/../Frameworks",
					"@executable_path/../../../../Frameworks",
				);
				LOCALIZATION_PREFERS_STRING_CATALOGS = YES;
				MACOSX_DEPLOYMENT_TARGET = 13.0;
				MARKETING_VERSION = "$(WEATHER_APP_VERSION)";
				PRODUCT_BUNDLE_IDENTIFIER = "$(WEATHER_APP_ID).widget";
				PRODUCT_NAME = "$(TARGET_NAME)";
				SDKROOT = auto;
				SKIP_INSTALL = YES;
				SUPPORTED_PLATFORMS = "iphoneos iphonesimulator macosx";
				SWIFT_EMIT_LOC_STRINGS = YES;
				SWIFT_VERSION = 5.0;
				TARGETED_DEVICE_FAMILY = "1,2";
			};
			name = Release;
		};
		C66896E32875B351001702BA /* Debug */ = {
			isa = XCBuildConfiguration;
			baseConfigurationReference = C66896EC2875B383001702BA /* Config.xcconfig */;
			buildSettings = {
				ALWAYS_SEARCH_USER_PATHS = NO;
				ASSETCATALOG_COMPILER_GENERATE_SWIFT_ASSET_SYMBOL_EXTENSIONS = YES;
				CLANG_ANALYZER_NONNULL = YES;
				CLANG_ANALYZER_NUMBER_OBJECT_CONVERSION = YES_AGGRESSIVE;
				CLANG_CXX_LANGUAGE_STANDARD = "gnu++17";
				CLANG_ENABLE_MODULES = YES;
				CLANG_ENABLE_OBJC_ARC = YES;
				CLANG_ENABLE_OBJC_WEAK = YES;
				CLANG_WARN_BLOCK_CAPTURE_AUTORELEASING = YES;
				CLANG_WARN_BOOL_CONVERSION = YES;
				CLANG_WARN_COMMA = YES;
				CLANG_WARN_CONSTANT_CONVERSION = YES;
				CLANG_WARN_DEPRECATED_OBJC_IMPLEMENTATIONS = YES;
				CLANG_WARN_DIRECT_OBJC_ISA_USAGE = YES_ERROR;
				CLANG_WARN_DOCUMENTATION_COMMENTS = YES;
				CLANG_WARN_EMPTY_BODY = YES;
				CLANG_WARN_ENUM_CONVERSION = YES;
				CLANG_WARN_INFINITE_RECURSION = YES;
				CLANG_WARN_INT_CONVERSION = YES;
				CLANG_WARN_NON_LITERAL_NULL_CONVERSION = YES;
				CLANG_WARN_OBJC_IMPLICIT_RETAIN_SELF = YES;
				CLANG_WARN_OBJC_LITERAL_CONVERSION = YES;
				CLANG_WARN_OBJC_ROOT_CLASS = YES_ERROR;
				CLANG_WARN_QUOTED_INCLUDE_IN_FRAMEWORK_HEADER = YES;
				CLANG_WARN_RANGE_LOOP_ANALYSIS = YES;
				CLANG_WARN_STRICT_PROTOTYPES = YES;
				CLANG_WARN_SUSPICIOUS_MOVE = YES;
				CLANG_WARN_UNGUARDED_AVAILABILITY = YES_AGGRESSIVE;
				CLANG_WARN_UNREACHABLE_CODE = YES;
				CLANG_WARN__DUPLICATE_METHOD_MATCH = YES;
				COPY_PHASE_STRIP = NO;
				DEAD_CODE_STRIPPING = YES;
				DEBUG_INFORMATION_FORMAT = dwarf;
				ENABLE_STRICT_OBJC_MSGSEND = YES;
				ENABLE_TESTABILITY = YES;
				ENABLE_USER_SCRIPT_SANDBOXING = YES;
				GCC_C_LANGUAGE_STANDARD = gnu11;
				GCC_DYNAMIC_NO_PIC = NO;
				GCC_NO_COMMON_BLOCKS = YES;
				GCC_OPTIMIZATION_LEVEL = 0;
				GCC_PREPROCESSOR_DEFINITIONS = (
					"DEBUG=1",
					"$(inherited)",
				);
				GCC_WARN_64_TO_32_BIT_CONVERSION = YES;
				GCC_WARN_ABOUT_RETURN_TYPE = YES_ERROR;
				GCC_WARN_UNDECLARED_SELECTOR = YES;
				GCC_WARN_UNINITIALIZED_AUTOS = YES_AGGRESSIVE;
				GCC_WARN_UNUSED_FUNCTION = YES;
				GCC_WARN_UNUSED_VARIABLE = YES;
				MTL_ENABLE_DEBUG_INFO = INCLUDE_SOURCE;
				MTL_FAST_MATH = YES;
				ONLY_ACTIVE_ARCH = YES;
				SWIFT_ACTIVE_COMPILATION_CONDITIONS = DEBUG;
				SWIFT_OPTIMIZATION_LEVEL = "-Onone";
			};
			name = Debug;
		};
		C66896E42875B351001702BA /* Release */ = {
			isa = XCBuildConfiguration;
			baseConfigurationReference = C66896EC2875B383001702BA /* Config.xcconfig */;
			buildSettings = {
				ALWAYS_SEARCH_USER_PATHS = NO;
				ASSETCATALOG_COMPILER_GENERATE_SWIFT_ASSET_SYMBOL_EXTENSIONS = YES;
				CLANG_ANALYZER_NONNULL = YES;
				CLANG_ANALYZER_NUMBER_OBJECT_CONVERSION = YES_AGGRESSIVE;
				CLANG_CXX_LANGUAGE_STANDARD = "gnu++17";
				CLANG_ENABLE_MODULES = YES;
				CLANG_ENABLE_OBJC_ARC = YES;
				CLANG_ENABLE_OBJC_WEAK = YES;
				CLANG_WARN_BLOCK_CAPTURE_AUTORELEASING = YES;
				CLANG_WARN_BOOL_CONVERSION = YES;
				CLANG_WARN_COMMA = YES;
				CLANG_WARN_CONSTANT_CONVERSION = YES;
				CLANG_WARN_DEPRECATED_OBJC_IMPLEMENTATIONS = YES;
				CLANG_WARN_DIRECT_OBJC_ISA_USAGE = YES_ERROR;
				CLANG_WARN_DOCUMENTATION_COMMENTS = YES;
				CLANG_WARN_EMPTY_BODY = YES;
				CLANG_WARN_ENUM_CONVERSION = YES;
				CLANG_WARN_INFINITE_RECURSION = YES;
				CLANG_WARN_INT_CONVERSION = YES;
				CLANG_WARN_NON_LITERAL_NULL_CONVERSION = YES;
				CLANG_WARN_OBJC_IMPLICIT_RETAIN_SELF = YES;
				CLANG_WARN_OBJC_LITERAL_CONVERSION = YES;
				CLANG_WARN_OBJC_ROOT_CLASS = YES_ERROR;
				CLANG_WARN_QUOTED_INCLUDE_IN_FRAMEWORK_HEADER = YES;
				CLANG_WARN_RANGE_LOOP_ANALYSIS = YES;
				CLANG_WARN_STRICT_PROTOTYPES = YES;
				CLANG_WARN_SUSPICIOUS_MOVE = YES;
				CLANG_WARN_UNGUARDED_AVAILABILITY = YES_AGGRESSIVE;
				CLANG_WARN_UNREACHABLE_CODE = YES;
				CLANG_WARN__DUPLICATE_METHOD_MATCH = YES;
				COPY_PHASE_STRIP = NO;
				DEAD_CODE_STRIPPING = YES;
				DEBUG_INFORMATION_FORMAT = "dwarf-with-dsym";
				ENABLE_NS_ASSERTIONS = NO;
				ENABLE_STRICT_OBJC_MSGSEND = YES;
				ENABLE_USER_SCRIPT_SANDBOXING = YES;
				GCC_C_LANGUAGE_STANDARD = gnu11;
				GCC_NO_COMMON_BLOCKS = YES;
				GCC_WARN_64_TO_32_BIT_CONVERSION = YES;
				GCC_WARN_ABOUT_RETURN_TYPE = YES_ERROR;
				GCC_WARN_UNDECLARED_SELECTOR = YES;
				GCC_WARN_UNINITIALIZED_AUTOS = YES_AGGRESSIVE;
				GCC_WARN_UNUSED_FUNCTION = YES;
				GCC_WARN_UNUSED_VARIABLE = YES;
				MTL_ENABLE_DEBUG_INFO = NO;
				MTL_FAST_MATH = YES;
				SWIFT_COMPILATION_MODE = wholemodule;
				SWIFT_OPTIMIZATION_LEVEL = "-O";
			};
			name = Release;
		};
		C66896E62875B351001702BA /* Debug */ = {
			isa = XCBuildConfiguration;
			buildSettings = {
				ALWAYS_EMBED_SWIFT_STANDARD_LIBRARIES = YES;
				ASSETCATALOG_COMPILER_APPICON_NAME = AppIcon;
				ASSETCATALOG_COMPILER_GLOBAL_ACCENT_COLOR_NAME = AccentColor;
				CODE_SIGN_STYLE = Automatic;
				CURRENT_PROJECT_VERSION = "$(WEATHER_APP_BUNDLE_VERSION)";
				DEVELOPMENT_TEAM = "";
				ENABLE_PREVIEWS = YES;
				GENERATE_INFOPLIST_FILE = YES;
				INFOPLIST_FILE = App/Resources/Info.plist;
				INFOPLIST_KEY_LSApplicationCategoryType = "public.app-category.weather";
				INFOPLIST_KEY_UIApplicationSceneManifest_Generation = YES;
				INFOPLIST_KEY_UIApplicationSupportsIndirectInputEvents = YES;
				INFOPLIST_KEY_UILaunchScreen_Generation = YES;
				INFOPLIST_KEY_UISupportedInterfaceOrientations_iPad = "UIInterfaceOrientationPortrait UIInterfaceOrientationPortraitUpsideDown UIInterfaceOrientationLandscapeLeft UIInterfaceOrientationLandscapeRight";
				INFOPLIST_KEY_UISupportedInterfaceOrientations_iPhone = "UIInterfaceOrientationPortrait UIInterfaceOrientationLandscapeLeft UIInterfaceOrientationLandscapeRight";
				INFOPLIST_KEY_UIUserInterfaceStyle = Dark;
				IPHONEOS_DEPLOYMENT_TARGET = 15.0;
				LD_RUNPATH_SEARCH_PATHS = (
					"$(inherited)",
					"@executable_path/Frameworks",
				);
				MARKETING_VERSION = "$(WEATHER_APP_VERSION)";
				PRODUCT_BUNDLE_IDENTIFIER = "$(WEATHER_APP_ID)";
				PRODUCT_NAME = "$(WEATHER_APP_NAME)";
				SDKROOT = iphoneos;
				SUPPORTED_PLATFORMS = "iphoneos iphonesimulator macosx";
				SUPPORTS_MACCATALYST = NO;
				SUPPORTS_MAC_DESIGNED_FOR_IPHONE_IPAD = NO;
				SUPPORTS_XR_DESIGNED_FOR_IPHONE_IPAD = NO;
				SWIFT_EMIT_LOC_STRINGS = YES;
				SWIFT_VERSION = 5.0;
				TARGETED_DEVICE_FAMILY = "1,2";
			};
			name = Debug;
		};
		C66896E72875B351001702BA /* Release */ = {
			isa = XCBuildConfiguration;
			buildSettings = {
				ALWAYS_EMBED_SWIFT_STANDARD_LIBRARIES = YES;
				ASSETCATALOG_COMPILER_APPICON_NAME = AppIcon;
				ASSETCATALOG_COMPILER_GLOBAL_ACCENT_COLOR_NAME = AccentColor;
				CODE_SIGN_STYLE = Automatic;
				CURRENT_PROJECT_VERSION = "$(WEATHER_APP_BUNDLE_VERSION)";
				DEVELOPMENT_TEAM = "";
				ENABLE_PREVIEWS = YES;
				GENERATE_INFOPLIST_FILE = YES;
				INFOPLIST_FILE = App/Resources/Info.plist;
				INFOPLIST_KEY_LSApplicationCategoryType = "public.app-category.weather";
				INFOPLIST_KEY_UIApplicationSceneManifest_Generation = YES;
				INFOPLIST_KEY_UIApplicationSupportsIndirectInputEvents = YES;
				INFOPLIST_KEY_UILaunchScreen_Generation = YES;
				INFOPLIST_KEY_UISupportedInterfaceOrientations_iPad = "UIInterfaceOrientationPortrait UIInterfaceOrientationPortraitUpsideDown UIInterfaceOrientationLandscapeLeft UIInterfaceOrientationLandscapeRight";
				INFOPLIST_KEY_UISupportedInterfaceOrientations_iPhone = "UIInterfaceOrientationPortrait UIInterfaceOrientationLandscapeLeft UIInterfaceOrientationLandscapeRight";
				INFOPLIST_KEY_UIUserInterfaceStyle = Dark;
				IPHONEOS_DEPLOYMENT_TARGET = 15.0;
				LD_RUNPATH_SEARCH_PATHS = (
					"$(inherited)",
					"@executable_path/Frameworks",
				);
				MARKETING_VERSION = "$(WEATHER_APP_VERSION)";
				PRODUCT_BUNDLE_IDENTIFIER = "$(WEATHER_APP_ID)";
				PRODUCT_NAME = "$(WEATHER_APP_NAME)";
				SDKROOT = iphoneos;
				SUPPORTED_PLATFORMS = "iphoneos iphonesimulator macosx";
				SUPPORTS_MACCATALYST = NO;
				SUPPORTS_MAC_DESIGNED_FOR_IPHONE_IPAD = NO;
				SUPPORTS_XR_DESIGNED_FOR_IPHONE_IPAD = NO;
				SWIFT_EMIT_LOC_STRINGS = YES;
				SWIFT_VERSION = 5.0;
				TARGETED_DEVICE_FAMILY = "1,2";
				VALIDATE_PRODUCT = YES;
			};
			name = Release;
		};
/* End XCBuildConfiguration section */

/* Begin XCConfigurationList section */
		C64ECF252A94808C00E99253 /* Build configuration list for PBXNativeTarget "WeatherWidgetExtension" */ = {
			isa = XCConfigurationList;
			buildConfigurations = (
				C64ECF262A94808C00E99253 /* Debug */,
				C64ECF272A94808C00E99253 /* Release */,
			);
			defaultConfigurationIsVisible = 0;
			defaultConfigurationName = Release;
		};
		C66896CB2875B350001702BA /* Build configuration list for PBXProject "Weather" */ = {
			isa = XCConfigurationList;
			buildConfigurations = (
				C66896E32875B351001702BA /* Debug */,
				C66896E42875B351001702BA /* Release */,
			);
			defaultConfigurationIsVisible = 0;
			defaultConfigurationName = Release;
		};
		C66896E52875B351001702BA /* Build configuration list for PBXNativeTarget "Weather" */ = {
			isa = XCConfigurationList;
			buildConfigurations = (
				C66896E62875B351001702BA /* Debug */,
				C66896E72875B351001702BA /* Release */,
			);
			defaultConfigurationIsVisible = 0;
			defaultConfigurationName = Release;
		};
/* End XCConfigurationList section */
	};
	rootObject = C66896C82875B350001702BA /* Project object */;
}
